
Microsoft Visual Studio Solution File, Format Version 12.00
# Visual Studio Version 17
VisualStudioVersion = 17.9.34728.123
MinimumVisualStudioVersion = 10.0.40219.1
Project("{9A19103F-16F7-4668-BE54-9A1E7A4F7556}") = "ConsoleClient", "Messenger\ConsoleClient.csproj", "{143C0434-FBCA-4EA1-980B-E732DA58A473}"
EndProject
Project("{9A19103F-16F7-4668-BE54-9A1E7A4F7556}") = "Server", "Server\Server.csproj", "{E38D55AD-0219-42AE-80E5-44D2B4A24256}"
EndProject
Project("{9A19103F-16F7-4668-BE54-9A1E7A4F7556}") = "MultithreadedConsoleClient", "ConsoleClient\MultithreadedConsoleClient.csproj", "{55B124B8-6D05-4D10-BA2C-200115B978F4}"
EndProject
Project("{FAE04EC0-301F-11D3-BF4B-00C04F79EFBC}") = "WindowsFormsClient", "WindowsFormsClient\WindowsFormsClient.csproj", "{6720EA29-7396-4D46-A833-F5B41D53483B}"
EndProject
Project("{9A19103F-16F7-4668-BE54-9A1E7A4F7556}") = "ConsoleMessengerWithGUI", "ConsoleMessengerWithGUI\ConsoleMessengerWithGUI.csproj", "{A622EF45-923D-4380-9566-718CDC7F8F1B}"
EndProject
Project("{FAE04EC0-301F-11D3-BF4B-00C04F79EFBC}") = "WPFMesenger", "WPFMesenger\WPFMesenger.csproj", "{AF1F758A-690E-4E9C-9905-505B5F360116}"
EndProject
Project("{FAE04EC0-301F-11D3-BF4B-00C04F79EFBC}") = "UWPClient", "UWPClient\UWPClient.csproj", "{FD4734D2-150A-40C6-9251-661D38EB81EA}"
EndProject
Global
	GlobalSection(SolutionConfigurationPlatforms) = preSolution
		Debug|Any CPU = Debug|Any CPU
		Debug|ARM = Debug|ARM
		Debug|ARM64 = Debug|ARM64
		Debug|x64 = Debug|x64
		Debug|x86 = Debug|x86
		Release|Any CPU = Release|Any CPU
		Release|ARM = Release|ARM
		Release|ARM64 = Release|ARM64
		Release|x64 = Release|x64
		Release|x86 = Release|x86
	EndGlobalSection
	GlobalSection(ProjectConfigurationPlatforms) = postSolution
		{143C0434-FBCA-4EA1-980B-E732DA58A473}.Debug|Any CPU.ActiveCfg = Debug|Any CPU
		{143C0434-FBCA-4EA1-980B-E732DA58A473}.Debug|Any CPU.Build.0 = Debug|Any CPU
		{143C0434-FBCA-4EA1-980B-E732DA58A473}.Debug|ARM.ActiveCfg = Debug|Any CPU
		{143C0434-FBCA-4EA1-980B-E732DA58A473}.Debug|ARM.Build.0 = Debug|Any CPU
		{143C0434-FBCA-4EA1-980B-E732DA58A473}.Debug|ARM64.ActiveCfg = Debug|Any CPU
		{143C0434-FBCA-4EA1-980B-E732DA58A473}.Debug|ARM64.Build.0 = Debug|Any CPU
		{143C0434-FBCA-4EA1-980B-E732DA58A473}.Debug|x64.ActiveCfg = Debug|Any CPU
		{143C0434-FBCA-4EA1-980B-E732DA58A473}.Debug|x64.Build.0 = Debug|Any CPU
		{143C0434-FBCA-4EA1-980B-E732DA58A473}.Debug|x86.ActiveCfg = Debug|Any CPU
		{143C0434-FBCA-4EA1-980B-E732DA58A473}.Debug|x86.Build.0 = Debug|Any CPU
		{143C0434-FBCA-4EA1-980B-E732DA58A473}.Release|Any CPU.ActiveCfg = Release|Any CPU
		{143C0434-FBCA-4EA1-980B-E732DA58A473}.Release|Any CPU.Build.0 = Release|Any CPU
		{143C0434-FBCA-4EA1-980B-E732DA58A473}.Release|ARM.ActiveCfg = Release|Any CPU
		{143C0434-FBCA-4EA1-980B-E732DA58A473}.Release|ARM.Build.0 = Release|Any CPU
		{143C0434-FBCA-4EA1-980B-E732DA58A473}.Release|ARM64.ActiveCfg = Release|Any CPU
		{143C0434-FBCA-4EA1-980B-E732DA58A473}.Release|ARM64.Build.0 = Release|Any CPU
		{143C0434-FBCA-4EA1-980B-E732DA58A473}.Release|x64.ActiveCfg = Release|Any CPU
		{143C0434-FBCA-4EA1-980B-E732DA58A473}.Release|x64.Build.0 = Release|Any CPU
		{143C0434-FBCA-4EA1-980B-E732DA58A473}.Release|x86.ActiveCfg = Release|Any CPU
		{143C0434-FBCA-4EA1-980B-E732DA58A473}.Release|x86.Build.0 = Release|Any CPU
		{E38D55AD-0219-42AE-80E5-44D2B4A24256}.Debug|Any CPU.ActiveCfg = Debug|Any CPU
		{E38D55AD-0219-42AE-80E5-44D2B4A24256}.Debug|Any CPU.Build.0 = Debug|Any CPU
		{E38D55AD-0219-42AE-80E5-44D2B4A24256}.Debug|ARM.ActiveCfg = Debug|Any CPU
		{E38D55AD-0219-42AE-80E5-44D2B4A24256}.Debug|ARM.Build.0 = Debug|Any CPU
		{E38D55AD-0219-42AE-80E5-44D2B4A24256}.Debug|ARM64.ActiveCfg = Debug|Any CPU
		{E38D55AD-0219-42AE-80E5-44D2B4A24256}.Debug|ARM64.Build.0 = Debug|Any CPU
		{E38D55AD-0219-42AE-80E5-44D2B4A24256}.Debug|x64.ActiveCfg = Debug|Any CPU
		{E38D55AD-0219-42AE-80E5-44D2B4A24256}.Debug|x64.Build.0 = Debug|Any CPU
		{E38D55AD-0219-42AE-80E5-44D2B4A24256}.Debug|x86.ActiveCfg = Debug|Any CPU
		{E38D55AD-0219-42AE-80E5-44D2B4A24256}.Debug|x86.Build.0 = Debug|Any CPU
		{E38D55AD-0219-42AE-80E5-44D2B4A24256}.Release|Any CPU.ActiveCfg = Release|Any CPU
		{E38D55AD-0219-42AE-80E5-44D2B4A24256}.Release|Any CPU.Build.0 = Release|Any CPU
		{E38D55AD-0219-42AE-80E5-44D2B4A24256}.Release|ARM.ActiveCfg = Release|Any CPU
		{E38D55AD-0219-42AE-80E5-44D2B4A24256}.Release|ARM.Build.0 = Release|Any CPU
		{E38D55AD-0219-42AE-80E5-44D2B4A24256}.Release|ARM64.ActiveCfg = Release|Any CPU
		{E38D55AD-0219-42AE-80E5-44D2B4A24256}.Release|ARM64.Build.0 = Release|Any CPU
		{E38D55AD-0219-42AE-80E5-44D2B4A24256}.Release|x64.ActiveCfg = Release|Any CPU
		{E38D55AD-0219-42AE-80E5-44D2B4A24256}.Release|x64.Build.0 = Release|Any CPU
		{E38D55AD-0219-42AE-80E5-44D2B4A24256}.Release|x86.ActiveCfg = Release|Any CPU
		{E38D55AD-0219-42AE-80E5-44D2B4A24256}.Release|x86.Build.0 = Release|Any CPU
		{55B124B8-6D05-4D10-BA2C-200115B978F4}.Debug|Any CPU.ActiveCfg = Debug|Any CPU
		{55B124B8-6D05-4D10-BA2C-200115B978F4}.Debug|Any CPU.Build.0 = Debug|Any CPU
		{55B124B8-6D05-4D10-BA2C-200115B978F4}.Debug|ARM.ActiveCfg = Debug|Any CPU
		{55B124B8-6D05-4D10-BA2C-200115B978F4}.Debug|ARM.Build.0 = Debug|Any CPU
		{55B124B8-6D05-4D10-BA2C-200115B978F4}.Debug|ARM64.ActiveCfg = Debug|Any CPU
		{55B124B8-6D05-4D10-BA2C-200115B978F4}.Debug|ARM64.Build.0 = Debug|Any CPU
		{55B124B8-6D05-4D10-BA2C-200115B978F4}.Debug|x64.ActiveCfg = Debug|Any CPU
		{55B124B8-6D05-4D10-BA2C-200115B978F4}.Debug|x64.Build.0 = Debug|Any CPU
		{55B124B8-6D05-4D10-BA2C-200115B978F4}.Debug|x86.ActiveCfg = Debug|Any CPU
		{55B124B8-6D05-4D10-BA2C-200115B978F4}.Debug|x86.Build.0 = Debug|Any CPU
		{55B124B8-6D05-4D10-BA2C-200115B978F4}.Release|Any CPU.ActiveCfg = Release|Any CPU
		{55B124B8-6D05-4D10-BA2C-200115B978F4}.Release|Any CPU.Build.0 = Release|Any CPU
		{55B124B8-6D05-4D10-BA2C-200115B978F4}.Release|ARM.ActiveCfg = Release|Any CPU
		{55B124B8-6D05-4D10-BA2C-200115B978F4}.Release|ARM.Build.0 = Release|Any CPU
		{55B124B8-6D05-4D10-BA2C-200115B978F4}.Release|ARM64.ActiveCfg = Release|Any CPU
		{55B124B8-6D05-4D10-BA2C-200115B978F4}.Release|ARM64.Build.0 = Release|Any CPU
		{55B124B8-6D05-4D10-BA2C-200115B978F4}.Release|x64.ActiveCfg = Release|Any CPU
		{55B124B8-6D05-4D10-BA2C-200115B978F4}.Release|x64.Build.0 = Release|Any CPU
		{55B124B8-6D05-4D10-BA2C-200115B978F4}.Release|x86.ActiveCfg = Release|Any CPU
		{55B124B8-6D05-4D10-BA2C-200115B978F4}.Release|x86.Build.0 = Release|Any CPU
		{6720EA29-7396-4D46-A833-F5B41D53483B}.Debug|Any CPU.ActiveCfg = Debug|Any CPU
		{6720EA29-7396-4D46-A833-F5B41D53483B}.Debug|Any CPU.Build.0 = Debug|Any CPU
		{6720EA29-7396-4D46-A833-F5B41D53483B}.Debug|ARM.ActiveCfg = Debug|Any CPU
		{6720EA29-7396-4D46-A833-F5B41D53483B}.Debug|ARM.Build.0 = Debug|Any CPU
		{6720EA29-7396-4D46-A833-F5B41D53483B}.Debug|ARM64.ActiveCfg = Debug|Any CPU
		{6720EA29-7396-4D46-A833-F5B41D53483B}.Debug|ARM64.Build.0 = Debug|Any CPU
		{6720EA29-7396-4D46-A833-F5B41D53483B}.Debug|x64.ActiveCfg = Debug|Any CPU
		{6720EA29-7396-4D46-A833-F5B41D53483B}.Debug|x64.Build.0 = Debug|Any CPU
		{6720EA29-7396-4D46-A833-F5B41D53483B}.Debug|x86.ActiveCfg = Debug|Any CPU
		{6720EA29-7396-4D46-A833-F5B41D53483B}.Debug|x86.Build.0 = Debug|Any CPU
		{6720EA29-7396-4D46-A833-F5B41D53483B}.Release|Any CPU.ActiveCfg = Release|Any CPU
		{6720EA29-7396-4D46-A833-F5B41D53483B}.Release|Any CPU.Build.0 = Release|Any CPU
		{6720EA29-7396-4D46-A833-F5B41D53483B}.Release|ARM.ActiveCfg = Release|Any CPU
		{6720EA29-7396-4D46-A833-F5B41D53483B}.Release|ARM.Build.0 = Release|Any CPU
		{6720EA29-7396-4D46-A833-F5B41D53483B}.Release|ARM64.ActiveCfg = Release|Any CPU
		{6720EA29-7396-4D46-A833-F5B41D53483B}.Release|ARM64.Build.0 = Release|Any CPU
		{6720EA29-7396-4D46-A833-F5B41D53483B}.Release|x64.ActiveCfg = Release|Any CPU
		{6720EA29-7396-4D46-A833-F5B41D53483B}.Release|x64.Build.0 = Release|Any CPU
		{6720EA29-7396-4D46-A833-F5B41D53483B}.Release|x86.ActiveCfg = Release|Any CPU
		{6720EA29-7396-4D46-A833-F5B41D53483B}.Release|x86.Build.0 = Release|Any CPU
		{A622EF45-923D-4380-9566-718CDC7F8F1B}.Debug|Any CPU.ActiveCfg = Debug|Any CPU
		{A622EF45-923D-4380-9566-718CDC7F8F1B}.Debug|Any CPU.Build.0 = Debug|Any CPU
		{A622EF45-923D-4380-9566-718CDC7F8F1B}.Debug|ARM.ActiveCfg = Debug|Any CPU
		{A622EF45-923D-4380-9566-718CDC7F8F1B}.Debug|ARM.Build.0 = Debug|Any CPU
		{A622EF45-923D-4380-9566-718CDC7F8F1B}.Debug|ARM64.ActiveCfg = Debug|Any CPU
		{A622EF45-923D-4380-9566-718CDC7F8F1B}.Debug|ARM64.Build.0 = Debug|Any CPU
		{A622EF45-923D-4380-9566-718CDC7F8F1B}.Debug|x64.ActiveCfg = Debug|Any CPU
		{A622EF45-923D-4380-9566-718CDC7F8F1B}.Debug|x64.Build.0 = Debug|Any CPU
		{A622EF45-923D-4380-9566-718CDC7F8F1B}.Debug|x86.ActiveCfg = Debug|Any CPU
		{A622EF45-923D-4380-9566-718CDC7F8F1B}.Debug|x86.Build.0 = Debug|Any CPU
		{A622EF45-923D-4380-9566-718CDC7F8F1B}.Release|Any CPU.ActiveCfg = Release|Any CPU
		{A622EF45-923D-4380-9566-718CDC7F8F1B}.Release|Any CPU.Build.0 = Release|Any CPU
		{A622EF45-923D-4380-9566-718CDC7F8F1B}.Release|ARM.ActiveCfg = Release|Any CPU
		{A622EF45-923D-4380-9566-718CDC7F8F1B}.Release|ARM.Build.0 = Release|Any CPU
		{A622EF45-923D-4380-9566-718CDC7F8F1B}.Release|ARM64.ActiveCfg = Release|Any CPU
		{A622EF45-923D-4380-9566-718CDC7F8F1B}.Release|ARM64.Build.0 = Release|Any CPU
		{A622EF45-923D-4380-9566-718CDC7F8F1B}.Release|x64.ActiveCfg = Release|Any CPU
		{A622EF45-923D-4380-9566-718CDC7F8F1B}.Release|x64.Build.0 = Release|Any CPU
		{A622EF45-923D-4380-9566-718CDC7F8F1B}.Release|x86.ActiveCfg = Release|Any CPU
		{A622EF45-923D-4380-9566-718CDC7F8F1B}.Release|x86.Build.0 = Release|Any CPU
		{AF1F758A-690E-4E9C-9905-505B5F360116}.Debug|Any CPU.ActiveCfg = Debug|Any CPU
		{AF1F758A-690E-4E9C-9905-505B5F360116}.Debug|Any CPU.Build.0 = Debug|Any CPU
		{AF1F758A-690E-4E9C-9905-505B5F360116}.Debug|ARM.ActiveCfg = Debug|Any CPU
		{AF1F758A-690E-4E9C-9905-505B5F360116}.Debug|ARM.Build.0 = Debug|Any CPU
		{AF1F758A-690E-4E9C-9905-505B5F360116}.Debug|ARM64.ActiveCfg = Debug|Any CPU
		{AF1F758A-690E-4E9C-9905-505B5F360116}.Debug|ARM64.Build.0 = Debug|Any CPU
		{AF1F758A-690E-4E9C-9905-505B5F360116}.Debug|x64.ActiveCfg = Debug|Any CPU
		{AF1F758A-690E-4E9C-9905-505B5F360116}.Debug|x64.Build.0 = Debug|Any CPU
		{AF1F758A-690E-4E9C-9905-505B5F360116}.Debug|x86.ActiveCfg = Debug|Any CPU
		{AF1F758A-690E-4E9C-9905-505B5F360116}.Debug|x86.Build.0 = Debug|Any CPU
		{AF1F758A-690E-4E9C-9905-505B5F360116}.Release|Any CPU.ActiveCfg = Release|Any CPU
		{AF1F758A-690E-4E9C-9905-505B5F360116}.Release|Any CPU.Build.0 = Release|Any CPU
		{AF1F758A-690E-4E9C-9905-505B5F360116}.Release|ARM.ActiveCfg = Release|Any CPU
		{AF1F758A-690E-4E9C-9905-505B5F360116}.Release|ARM.Build.0 = Release|Any CPU
		{AF1F758A-690E-4E9C-9905-505B5F360116}.Release|ARM64.ActiveCfg = Release|Any CPU
		{AF1F758A-690E-4E9C-9905-505B5F360116}.Release|ARM64.Build.0 = Release|Any CPU
		{AF1F758A-690E-4E9C-9905-505B5F360116}.Release|x64.ActiveCfg = Release|Any CPU
		{AF1F758A-690E-4E9C-9905-505B5F360116}.Release|x64.Build.0 = Release|Any CPU
		{AF1F758A-690E-4E9C-9905-505B5F360116}.Release|x86.ActiveCfg = Release|Any CPU
		{AF1F758A-690E-4E9C-9905-505B5F360116}.Release|x86.Build.0 = Release|Any CPU
		{FD4734D2-150A-40C6-9251-661D38EB81EA}.Debug|Any CPU.ActiveCfg = Debug|x64
		{FD4734D2-150A-40C6-9251-661D38EB81EA}.Debug|Any CPU.Build.0 = Debug|x64
		{FD4734D2-150A-40C6-9251-661D38EB81EA}.Debug|Any CPU.Deploy.0 = Debug|x64
		{FD4734D2-150A-40C6-9251-661D38EB81EA}.Debug|ARM.ActiveCfg = Debug|ARM
		{FD4734D2-150A-40C6-9251-661D38EB81EA}.Debug|ARM.Build.0 = Debug|ARM
		{FD4734D2-150A-40C6-9251-661D38EB81EA}.Debug|ARM.Deploy.0 = Debug|ARM
		{FD4734D2-150A-40C6-9251-661D38EB81EA}.Debug|ARM64.ActiveCfg = Debug|ARM64
		{FD4734D2-150A-40C6-9251-661D38EB81EA}.Debug|ARM64.Build.0 = Debug|ARM64
		{FD4734D2-150A-40C6-9251-661D38EB81EA}.Debug|ARM64.Deploy.0 = Debug|ARM64
		{FD4734D2-150A-40C6-9251-661D38EB81EA}.Debug|x64.ActiveCfg = Debug|x64
		{FD4734D2-150A-40C6-9251-661D38EB81EA}.Debug|x64.Build.0 = Debug|x64
		{FD4734D2-150A-40C6-9251-661D38EB81EA}.Debug|x64.Deploy.0 = Debug|x64
		{FD4734D2-150A-40C6-9251-661D38EB81EA}.Debug|x86.ActiveCfg = Debug|x86
		{FD4734D2-150A-40C6-9251-661D38EB81EA}.Debug|x86.Build.0 = Debug|x86
		{FD4734D2-150A-40C6-9251-661D38EB81EA}.Debug|x86.Deploy.0 = Debug|x86
		{FD4734D2-150A-40C6-9251-661D38EB81EA}.Release|Any CPU.ActiveCfg = Release|x64
		{FD4734D2-150A-40C6-9251-661D38EB81EA}.Release|Any CPU.Build.0 = Release|x64
		{FD4734D2-150A-40C6-9251-661D38EB81EA}.Release|Any CPU.Deploy.0 = Release|x64
		{FD4734D2-150A-40C6-9251-661D38EB81EA}.Release|ARM.ActiveCfg = Release|ARM
		{FD4734D2-150A-40C6-9251-661D38EB81EA}.Release|ARM.Build.0 = Release|ARM
		{FD4734D2-150A-40C6-9251-661D38EB81EA}.Release|ARM.Deploy.0 = Release|ARM
		{FD4734D2-150A-40C6-9251-661D38EB81EA}.Release|ARM64.ActiveCfg = Release|ARM64
		{FD4734D2-150A-40C6-9251-661D38EB81EA}.Release|ARM64.Build.0 = Release|ARM64
		{FD4734D2-150A-40C6-9251-661D38EB81EA}.Release|ARM64.Deploy.0 = Release|ARM64
		{FD4734D2-150A-40C6-9251-661D38EB81EA}.Release|x64.ActiveCfg = Release|x64
		{FD4734D2-150A-40C6-9251-661D38EB81EA}.Release|x64.Build.0 = Release|x64
		{FD4734D2-150A-40C6-9251-661D38EB81EA}.Release|x64.Deploy.0 = Release|x64
		{FD4734D2-150A-40C6-9251-661D38EB81EA}.Release|x86.ActiveCfg = Release|x86
		{FD4734D2-150A-40C6-9251-661D38EB81EA}.Release|x86.Build.0 = Release|x86
		{FD4734D2-150A-40C6-9251-661D38EB81EA}.Release|x86.Deploy.0 = Release|x86
	EndGlobalSection
	GlobalSection(SolutionProperties) = preSolution
		HideSolutionNode = FALSE
	EndGlobalSection
	GlobalSection(ExtensibilityGlobals) = postSolution
		SolutionGuid = {6F6B2125-9CFD-44D6-9049-A4AC3ACC7AF6}
	EndGlobalSection
EndGlobal
